
Microsoft Visual Studio Solution File, Format Version 12.00
# Visual Studio Version 16
VisualStudioVersion = 16.0.29613.14
MinimumVisualStudioVersion = 10.0.40219.1
Project("{9A19103F-16F7-4668-BE54-9A1E7A4F7556}") = "WEBAPI", "SkillAppAdoDapperWebApi\WEBAPI.csproj", "{0AD9516D-9729-41D5-B8FE-D31A024E3A81}"
EndProject
Project("{9A19103F-16F7-4668-BE54-9A1E7A4F7556}") = "DAL", "SkillAppAdoDapperWebApi.DAL\DAL.csproj", "{2297F345-FC2C-4ACD-A64E-59645510B50A}"
EndProject
Project("{FAE04EC0-301F-11D3-BF4B-00C04F79EFBC}") = "Blazor", "Blazor\Blazor.csproj", "{8A8F0C68-D086-481A-B8E7-611EE5351CAC}"
EndProject
Global
	GlobalSection(SolutionConfigurationPlatforms) = preSolution
		Debug|Any CPU = Debug|Any CPU
		Release|Any CPU = Release|Any CPU
	EndGlobalSection
	GlobalSection(ProjectConfigurationPlatforms) = postSolution
		{0AD9516D-9729-41D5-B8FE-D31A024E3A81}.Debug|Any CPU.ActiveCfg = Debug|Any CPU
		{0AD9516D-9729-41D5-B8FE-D31A024E3A81}.Debug|Any CPU.Build.0 = Debug|Any CPU
		{0AD9516D-9729-41D5-B8FE-D31A024E3A81}.Release|Any CPU.ActiveCfg = Release|Any CPU
		{0AD9516D-9729-41D5-B8FE-D31A024E3A81}.Release|Any CPU.Build.0 = Release|Any CPU
		{2297F345-FC2C-4ACD-A64E-59645510B50A}.Debug|Any CPU.ActiveCfg = Debug|Any CPU
		{2297F345-FC2C-4ACD-A64E-59645510B50A}.Debug|Any CPU.Build.0 = Debug|Any CPU
		{2297F345-FC2C-4ACD-A64E-59645510B50A}.Release|Any CPU.ActiveCfg = Release|Any CPU
		{2297F345-FC2C-4ACD-A64E-59645510B50A}.Release|Any CPU.Build.0 = Release|Any CPU
		{8A8F0C68-D086-481A-B8E7-611EE5351CAC}.Debug|Any CPU.ActiveCfg = Debug|Any CPU
		{8A8F0C68-D086-481A-B8E7-611EE5351CAC}.Debug|Any CPU.Build.0 = Debug|Any CPU
		{8A8F0C68-D086-481A-B8E7-611EE5351CAC}.Release|Any CPU.ActiveCfg = Release|Any CPU
		{8A8F0C68-D086-481A-B8E7-611EE5351CAC}.Release|Any CPU.Build.0 = Release|Any CPU
	EndGlobalSection
	GlobalSection(SolutionProperties) = preSolution
		HideSolutionNode = FALSE
	EndGlobalSection
	GlobalSection(ExtensibilityGlobals) = postSolution
		SolutionGuid = {9DBDE057-3713-4B4E-8F4D-45FFEEFBF5C7}
	EndGlobalSection
EndGlobal
